// !$*UTF8*$!
{
	archiveVersion = 1;
	classes = {
	};
	objectVersion = 55;
	objects = {

/* Begin PBXBuildFile section */
		262A509A2838F94E00E1477D /* ObservedEnumsWithAssociatedValuesApp.swift in Sources */ = {isa = PBXBuildFile; fileRef = 262A50992838F94E00E1477D /* ObservedEnumsWithAssociatedValuesApp.swift */; };
		262A509C2838F94E00E1477D /* ContentView.swift in Sources */ = {isa = PBXBuildFile; fileRef = 262A509B2838F94E00E1477D /* ContentView.swift */; };
		262A509E2838F94F00E1477D /* Assets.xcassets in Resources */ = {isa = PBXBuildFile; fileRef = 262A509D2838F94F00E1477D /* Assets.xcassets */; };
		262A50A12838F94F00E1477D /* Preview Assets.xcassets in Resources */ = {isa = PBXBuildFile; fileRef = 262A50A02838F94F00E1477D /* Preview Assets.xcassets */; };
		262A50AB2838F94F00E1477D /* ObservedEnumsWithAssociatedValuesTests.swift in Sources */ = {isa = PBXBuildFile; fileRef = 262A50AA2838F94F00E1477D /* ObservedEnumsWithAssociatedValuesTests.swift */; };
		262A50B52838F94F00E1477D /* ObservedEnumsWithAssociatedValuesUITests.swift in Sources */ = {isa = PBXBuildFile; fileRef = 262A50B42838F94F00E1477D /* ObservedEnumsWithAssociatedValuesUITests.swift */; };
		262A50B72838F94F00E1477D /* ObservedEnumsWithAssociatedValuesUITestsLaunchTests.swift in Sources */ = {isa = PBXBuildFile; fileRef = 262A50B62838F94F00E1477D /* ObservedEnumsWithAssociatedValuesUITestsLaunchTests.swift */; };
		262A50C52838FA8F00E1477D /* Animal.swift in Sources */ = {isa = PBXBuildFile; fileRef = 262A50C42838FA8F00E1477D /* Animal.swift */; };
		262A50C72838FD4900E1477D /* AnimalsView.swift in Sources */ = {isa = PBXBuildFile; fileRef = 262A50C62838FD4900E1477D /* AnimalsView.swift */; };
		262A50CB2838FE9F00E1477D /* AnimalsViewModel.swift in Sources */ = {isa = PBXBuildFile; fileRef = 262A50CA2838FE9F00E1477D /* AnimalsViewModel.swift */; };
/* End PBXBuildFile section */

/* Begin PBXContainerItemProxy section */
		262A50A72838F94F00E1477D /* PBXContainerItemProxy */ = {
			isa = PBXContainerItemProxy;
			containerPortal = 262A508E2838F94E00E1477D /* Project object */;
			proxyType = 1;
			remoteGlobalIDString = 262A50952838F94E00E1477D;
			remoteInfo = ObservedEnumsWithAssociatedValues;
		};
		262A50B12838F94F00E1477D /* PBXContainerItemProxy */ = {
			isa = PBXContainerItemProxy;
			containerPortal = 262A508E2838F94E00E1477D /* Project object */;
			proxyType = 1;
			remoteGlobalIDString = 262A50952838F94E00E1477D;
			remoteInfo = ObservedEnumsWithAssociatedValues;
		};
/* End PBXContainerItemProxy section */

/* Begin PBXFileReference section */
		262A50962838F94E00E1477D /* ObservedEnumsWithAssociatedValues.app */ = {isa = PBXFileReference; explicitFileType = wrapper.application; includeInIndex = 0; path = ObservedEnumsWithAssociatedValues.app; sourceTree = BUILT_PRODUCTS_DIR; };
		262A50992838F94E00E1477D /* ObservedEnumsWithAssociatedValuesApp.swift */ = {isa = PBXFileReference; lastKnownFileType = sourcecode.swift; path = ObservedEnumsWithAssociatedValuesApp.swift; sourceTree = "<group>"; };
		262A509B2838F94E00E1477D /* ContentView.swift */ = {isa = PBXFileReference; lastKnownFileType = sourcecode.swift; path = ContentView.swift; sourceTree = "<group>"; };
		262A509D2838F94F00E1477D /* Assets.xcassets */ = {isa = PBXFileReference; lastKnownFileType = folder.assetcatalog; path = Assets.xcassets; sourceTree = "<group>"; };
		262A50A02838F94F00E1477D /* Preview Assets.xcassets */ = {isa = PBXFileReference; lastKnownFileType = folder.assetcatalog; path = "Preview Assets.xcassets"; sourceTree = "<group>"; };
		262A50A62838F94F00E1477D /* ObservedEnumsWithAssociatedValuesTests.xctest */ = {isa = PBXFileReference; explicitFileType = wrapper.cfbundle; includeInIndex = 0; path = ObservedEnumsWithAssociatedValuesTests.xctest; sourceTree = BUILT_PRODUCTS_DIR; };
		262A50AA2838F94F00E1477D /* ObservedEnumsWithAssociatedValuesTests.swift */ = {isa = PBXFileReference; lastKnownFileType = sourcecode.swift; path = ObservedEnumsWithAssociatedValuesTests.swift; sourceTree = "<group>"; };
		262A50B02838F94F00E1477D /* ObservedEnumsWithAssociatedValuesUITests.xctest */ = {isa = PBXFileReference; explicitFileType = wrapper.cfbundle; includeInIndex = 0; path = ObservedEnumsWithAssociatedValuesUITests.xctest; sourceTree = BUILT_PRODUCTS_DIR; };
		262A50B42838F94F00E1477D /* ObservedEnumsWithAssociatedValuesUITests.swift */ = {isa = PBXFileReference; lastKnownFileType = sourcecode.swift; path = ObservedEnumsWithAssociatedValuesUITests.swift; sourceTree = "<group>"; };
		262A50B62838F94F00E1477D /* ObservedEnumsWithAssociatedValuesUITestsLaunchTests.swift */ = {isa = PBXFileReference; lastKnownFileType = sourcecode.swift; path = ObservedEnumsWithAssociatedValuesUITestsLaunchTests.swift; sourceTree = "<group>"; };
		262A50C42838FA8F00E1477D /* Animal.swift */ = {isa = PBXFileReference; lastKnownFileType = sourcecode.swift; path = Animal.swift; sourceTree = "<group>"; };
		262A50C62838FD4900E1477D /* AnimalsView.swift */ = {isa = PBXFileReference; lastKnownFileType = sourcecode.swift; path = AnimalsView.swift; sourceTree = "<group>"; };
		262A50CA2838FE9F00E1477D /* AnimalsViewModel.swift */ = {isa = PBXFileReference; lastKnownFileType = sourcecode.swift; path = AnimalsViewModel.swift; sourceTree = "<group>"; };
/* End PBXFileReference section */

/* Begin PBXFrameworksBuildPhase section */
		262A50932838F94E00E1477D /* Frameworks */ = {
			isa = PBXFrameworksBuildPhase;
			buildActionMask = 2147483647;
			files = (
			);
			runOnlyForDeploymentPostprocessing = 0;
		};
		262A50A32838F94F00E1477D /* Frameworks */ = {
			isa = PBXFrameworksBuildPhase;
			buildActionMask = 2147483647;
			files = (
			);
			runOnlyForDeploymentPostprocessing = 0;
		};
		262A50AD2838F94F00E1477D /* Frameworks */ = {
			isa = PBXFrameworksBuildPhase;
			buildActionMask = 2147483647;
			files = (
			);
			runOnlyForDeploymentPostprocessing = 0;
		};
/* End PBXFrameworksBuildPhase section */

/* Begin PBXGroup section */
		262A508D2838F94E00E1477D = {
			isa = PBXGroup;
			children = (
				262A50982838F94E00E1477D /* ObservedEnumsWithAssociatedValues */,
				262A50A92838F94F00E1477D /* ObservedEnumsWithAssociatedValuesTests */,
				262A50B32838F94F00E1477D /* ObservedEnumsWithAssociatedValuesUITests */,
				262A50972838F94E00E1477D /* Products */,
			);
			sourceTree = "<group>";
		};
		262A50972838F94E00E1477D /* Products */ = {
			isa = PBXGroup;
			children = (
				262A50962838F94E00E1477D /* ObservedEnumsWithAssociatedValues.app */,
				262A50A62838F94F00E1477D /* ObservedEnumsWithAssociatedValuesTests.xctest */,
				262A50B02838F94F00E1477D /* ObservedEnumsWithAssociatedValuesUITests.xctest */,
			);
			name = Products;
			sourceTree = "<group>";
		};
		262A50982838F94E00E1477D /* ObservedEnumsWithAssociatedValues */ = {
			isa = PBXGroup;
			children = (
				262A50992838F94E00E1477D /* ObservedEnumsWithAssociatedValuesApp.swift */,
				262A509B2838F94E00E1477D /* ContentView.swift */,
				262A50C32838FA7B00E1477D /* Animals */,
				262A509D2838F94F00E1477D /* Assets.xcassets */,
				262A509F2838F94F00E1477D /* Preview Content */,
			);
			path = ObservedEnumsWithAssociatedValues;
			sourceTree = "<group>";
		};
		262A509F2838F94F00E1477D /* Preview Content */ = {
			isa = PBXGroup;
			children = (
				262A50A02838F94F00E1477D /* Preview Assets.xcassets */,
			);
			path = "Preview Content";
			sourceTree = "<group>";
		};
		262A50A92838F94F00E1477D /* ObservedEnumsWithAssociatedValuesTests */ = {
			isa = PBXGroup;
			children = (
				262A50AA2838F94F00E1477D /* ObservedEnumsWithAssociatedValuesTests.swift */,
			);
			path = ObservedEnumsWithAssociatedValuesTests;
			sourceTree = "<group>";
		};
		262A50B32838F94F00E1477D /* ObservedEnumsWithAssociatedValuesUITests */ = {
			isa = PBXGroup;
			children = (
				262A50B42838F94F00E1477D /* ObservedEnumsWithAssociatedValuesUITests.swift */,
				262A50B62838F94F00E1477D /* ObservedEnumsWithAssociatedValuesUITestsLaunchTests.swift */,
			);
			path = ObservedEnumsWithAssociatedValuesUITests;
			sourceTree = "<group>";
		};
		262A50C32838FA7B00E1477D /* Animals */ = {
			isa = PBXGroup;
			children = (
				262A50C42838FA8F00E1477D /* Animal.swift */,
				262A50C62838FD4900E1477D /* AnimalsView.swift */,
				262A50CA2838FE9F00E1477D /* AnimalsViewModel.swift */,
			);
			path = Animals;
			sourceTree = "<group>";
		};
/* End PBXGroup section */

/* Begin PBXNativeTarget section */
		262A50952838F94E00E1477D /* ObservedEnumsWithAssociatedValues */ = {
			isa = PBXNativeTarget;
			buildConfigurationList = 262A50BA2838F94F00E1477D /* Build configuration list for PBXNativeTarget "ObservedEnumsWithAssociatedValues" */;
			buildPhases = (
				262A50922838F94E00E1477D /* Sources */,
				262A50932838F94E00E1477D /* Frameworks */,
				262A50942838F94E00E1477D /* Resources */,
			);
			buildRules = (
			);
			dependencies = (
			);
			name = ObservedEnumsWithAssociatedValues;
			productName = ObservedEnumsWithAssociatedValues;
			productReference = 262A50962838F94E00E1477D /* ObservedEnumsWithAssociatedValues.app */;
			productType = "com.apple.product-type.application";
		};
		262A50A52838F94F00E1477D /* ObservedEnumsWithAssociatedValuesTests */ = {
			isa = PBXNativeTarget;
			buildConfigurationList = 262A50BD2838F94F00E1477D /* Build configuration list for PBXNativeTarget "ObservedEnumsWithAssociatedValuesTests" */;
			buildPhases = (
				262A50A22838F94F00E1477D /* Sources */,
				262A50A32838F94F00E1477D /* Frameworks */,
				262A50A42838F94F00E1477D /* Resources */,
			);
			buildRules = (
			);
			dependencies = (
				262A50A82838F94F00E1477D /* PBXTargetDependency */,
			);
			name = ObservedEnumsWithAssociatedValuesTests;
			productName = ObservedEnumsWithAssociatedValuesTests;
			productReference = 262A50A62838F94F00E1477D /* ObservedEnumsWithAssociatedValuesTests.xctest */;
			productType = "com.apple.product-type.bundle.unit-test";
		};
		262A50AF2838F94F00E1477D /* ObservedEnumsWithAssociatedValuesUITests */ = {
			isa = PBXNativeTarget;
			buildConfigurationList = 262A50C02838F94F00E1477D /* Build configuration list for PBXNativeTarget "ObservedEnumsWithAssociatedValuesUITests" */;
			buildPhases = (
				262A50AC2838F94F00E1477D /* Sources */,
				262A50AD2838F94F00E1477D /* Frameworks */,
				262A50AE2838F94F00E1477D /* Resources */,
			);
			buildRules = (
			);
			dependencies = (
				262A50B22838F94F00E1477D /* PBXTargetDependency */,
			);
			name = ObservedEnumsWithAssociatedValuesUITests;
			productName = ObservedEnumsWithAssociatedValuesUITests;
			productReference = 262A50B02838F94F00E1477D /* ObservedEnumsWithAssociatedValuesUITests.xctest */;
			productType = "com.apple.product-type.bundle.ui-testing";
		};
/* End PBXNativeTarget section */

/* Begin PBXProject section */
		262A508E2838F94E00E1477D /* Project object */ = {
			isa = PBXProject;
			attributes = {
				BuildIndependentTargetsInParallel = 1;
				LastSwiftUpdateCheck = 1340;
				LastUpgradeCheck = 1340;
				TargetAttributes = {
					262A50952838F94E00E1477D = {
						CreatedOnToolsVersion = 13.4;
					};
					262A50A52838F94F00E1477D = {
						CreatedOnToolsVersion = 13.4;
						TestTargetID = 262A50952838F94E00E1477D;
					};
					262A50AF2838F94F00E1477D = {
						CreatedOnToolsVersion = 13.4;
						TestTargetID = 262A50952838F94E00E1477D;
					};
				};
			};
			buildConfigurationList = 262A50912838F94E00E1477D /* Build configuration list for PBXProject "ObservedEnumsWithAssociatedValues" */;
			compatibilityVersion = "Xcode 13.0";
			developmentRegion = en;
			hasScannedForEncodings = 0;
			knownRegions = (
				en,
				Base,
			);
			mainGroup = 262A508D2838F94E00E1477D;
			productRefGroup = 262A50972838F94E00E1477D /* Products */;
			projectDirPath = "";
			projectRoot = "";
			targets = (
				262A50952838F94E00E1477D /* ObservedEnumsWithAssociatedValues */,
				262A50A52838F94F00E1477D /* ObservedEnumsWithAssociatedValuesTests */,
				262A50AF2838F94F00E1477D /* ObservedEnumsWithAssociatedValuesUITests */,
			);
		};
/* End PBXProject section */

/* Begin PBXResourcesBuildPhase section */
		262A50942838F94E00E1477D /* Resources */ = {
			isa = PBXResourcesBuildPhase;
			buildActionMask = 2147483647;
			files = (
				262A50A12838F94F00E1477D /* Preview Assets.xcassets in Resources */,
				262A509E2838F94F00E1477D /* Assets.xcassets in Resources */,
			);
			runOnlyForDeploymentPostprocessing = 0;
		};
		262A50A42838F94F00E1477D /* Resources */ = {
			isa = PBXResourcesBuildPhase;
			buildActionMask = 2147483647;
			files = (
			);
			runOnlyForDeploymentPostprocessing = 0;
		};
		262A50AE2838F94F00E1477D /* Resources */ = {
			isa = PBXResourcesBuildPhase;
			buildActionMask = 2147483647;
			files = (
			);
			runOnlyForDeploymentPostprocessing = 0;
		};
/* End PBXResourcesBuildPhase section */

/* Begin PBXSourcesBuildPhase section */
		262A50922838F94E00E1477D /* Sources */ = {
			isa = PBXSourcesBuildPhase;
			buildActionMask = 2147483647;
			files = (
				262A50C72838FD4900E1477D /* AnimalsView.swift in Sources */,
				262A509C2838F94E00E1477D /* ContentView.swift in Sources */,
				262A50C52838FA8F00E1477D /* Animal.swift in Sources */,
				262A509A2838F94E00E1477D /* ObservedEnumsWithAssociatedValuesApp.swift in Sources */,
				262A50CB2838FE9F00E1477D /* AnimalsViewModel.swift in Sources */,
			);
			runOnlyForDeploymentPostprocessing = 0;
		};
		262A50A22838F94F00E1477D /* Sources */ = {
			isa = PBXSourcesBuildPhase;
			buildActionMask = 2147483647;
			files = (
				262A50AB2838F94F00E1477D /* ObservedEnumsWithAssociatedValuesTests.swift in Sources */,
			);
			runOnlyForDeploymentPostprocessing = 0;
		};
		262A50AC2838F94F00E1477D /* Sources */ = {
			isa = PBXSourcesBuildPhase;
			buildActionMask = 2147483647;
			files = (
				262A50B52838F94F00E1477D /* ObservedEnumsWithAssociatedValuesUITests.swift in Sources */,
				262A50B72838F94F00E1477D /* ObservedEnumsWithAssociatedValuesUITestsLaunchTests.swift in Sources */,
			);
			runOnlyForDeploymentPostprocessing = 0;
		};
/* End PBXSourcesBuildPhase section */

/* Begin PBXTargetDependency section */
		262A50A82838F94F00E1477D /* PBXTargetDependency */ = {
			isa = PBXTargetDependency;
			target = 262A50952838F94E00E1477D /* ObservedEnumsWithAssociatedValues */;
			targetProxy = 262A50A72838F94F00E1477D /* PBXContainerItemProxy */;
		};
		262A50B22838F94F00E1477D /* PBXTargetDependency */ = {
			isa = PBXTargetDependency;
			target = 262A50952838F94E00E1477D /* ObservedEnumsWithAssociatedValues */;
			targetProxy = 262A50B12838F94F00E1477D /* PBXContainerItemProxy */;
		};
/* End PBXTargetDependency section */

/* Begin XCBuildConfiguration section */
		262A50B82838F94F00E1477D /* Debug */ = {
			isa = XCBuildConfiguration;
			buildSettings = {
				ALWAYS_SEARCH_USER_PATHS = NO;
				CLANG_ANALYZER_NONNULL = YES;
				CLANG_ANALYZER_NUMBER_OBJECT_CONVERSION = YES_AGGRESSIVE;
				CLANG_CXX_LANGUAGE_STANDARD = "gnu++17";
				CLANG_ENABLE_MODULES = YES;
				CLANG_ENABLE_OBJC_ARC = YES;
				CLANG_ENABLE_OBJC_WEAK = YES;
				CLANG_WARN_BLOCK_CAPTURE_AUTORELEASING = YES;
				CLANG_WARN_BOOL_CONVERSION = YES;
				CLANG_WARN_COMMA = YES;
				CLANG_WARN_CONSTANT_CONVERSION = YES;
				CLANG_WARN_DEPRECATED_OBJC_IMPLEMENTATIONS = YES;
				CLANG_WARN_DIRECT_OBJC_ISA_USAGE = YES_ERROR;
				CLANG_WARN_DOCUMENTATION_COMMENTS = YES;
				CLANG_WARN_EMPTY_BODY = YES;
				CLANG_WARN_ENUM_CONVERSION = YES;
				CLANG_WARN_INFINITE_RECURSION = YES;
				CLANG_WARN_INT_CONVERSION = YES;
				CLANG_WARN_NON_LITERAL_NULL_CONVERSION = YES;
				CLANG_WARN_OBJC_IMPLICIT_RETAIN_SELF = YES;
				CLANG_WARN_OBJC_LITERAL_CONVERSION = YES;
				CLANG_WARN_OBJC_ROOT_CLASS = YES_ERROR;
				CLANG_WARN_QUOTED_INCLUDE_IN_FRAMEWORK_HEADER = YES;
				CLANG_WARN_RANGE_LOOP_ANALYSIS = YES;
				CLANG_WARN_STRICT_PROTOTYPES = YES;
				CLANG_WARN_SUSPICIOUS_MOVE = YES;
				CLANG_WARN_UNGUARDED_AVAILABILITY = YES_AGGRESSIVE;
				CLANG_WARN_UNREACHABLE_CODE = YES;
				CLANG_WARN__DUPLICATE_METHOD_MATCH = YES;
				COPY_PHASE_STRIP = NO;
				DEBUG_INFORMATION_FORMAT = dwarf;
				ENABLE_STRICT_OBJC_MSGSEND = YES;
				ENABLE_TESTABILITY = YES;
				GCC_C_LANGUAGE_STANDARD = gnu11;
				GCC_DYNAMIC_NO_PIC = NO;
				GCC_NO_COMMON_BLOCKS = YES;
				GCC_OPTIMIZATION_LEVEL = 0;
				GCC_PREPROCESSOR_DEFINITIONS = (
					"DEBUG=1",
					"$(inherited)",
				);
				GCC_WARN_64_TO_32_BIT_CONVERSION = YES;
				GCC_WARN_ABOUT_RETURN_TYPE = YES_ERROR;
				GCC_WARN_UNDECLARED_SELECTOR = YES;
				GCC_WARN_UNINITIALIZED_AUTOS = YES_AGGRESSIVE;
				GCC_WARN_UNUSED_FUNCTION = YES;
				GCC_WARN_UNUSED_VARIABLE = YES;
				IPHONEOS_DEPLOYMENT_TARGET = 15.5;
				MTL_ENABLE_DEBUG_INFO = INCLUDE_SOURCE;
				MTL_FAST_MATH = YES;
				ONLY_ACTIVE_ARCH = YES;
				SDKROOT = iphoneos;
				SWIFT_ACTIVE_COMPILATION_CONDITIONS = DEBUG;
				SWIFT_OPTIMIZATION_LEVEL = "-Onone";
			};
			name = Debug;
		};
		262A50B92838F94F00E1477D /* Release */ = {
			isa = XCBuildConfiguration;
			buildSettings = {
				ALWAYS_SEARCH_USER_PATHS = NO;
				CLANG_ANALYZER_NONNULL = YES;
				CLANG_ANALYZER_NUMBER_OBJECT_CONVERSION = YES_AGGRESSIVE;
				CLANG_CXX_LANGUAGE_STANDARD = "gnu++17";
				CLANG_ENABLE_MODULES = YES;
				CLANG_ENABLE_OBJC_ARC = YES;
				CLANG_ENABLE_OBJC_WEAK = YES;
				CLANG_WARN_BLOCK_CAPTURE_AUTORELEASING = YES;
				CLANG_WARN_BOOL_CONVERSION = YES;
				CLANG_WARN_COMMA = YES;
				CLANG_WARN_CONSTANT_CONVERSION = YES;
				CLANG_WARN_DEPRECATED_OBJC_IMPLEMENTATIONS = YES;
				CLANG_WARN_DIRECT_OBJC_ISA_USAGE = YES_ERROR;
				CLANG_WARN_DOCUMENTATION_COMMENTS = YES;
				CLANG_WARN_EMPTY_BODY = YES;
				CLANG_WARN_ENUM_CONVERSION = YES;
				CLANG_WARN_INFINITE_RECURSION = YES;
				CLANG_WARN_INT_CONVERSION = YES;
				CLANG_WARN_NON_LITERAL_NULL_CONVERSION = YES;
				CLANG_WARN_OBJC_IMPLICIT_RETAIN_SELF = YES;
				CLANG_WARN_OBJC_LITERAL_CONVERSION = YES;
				CLANG_WARN_OBJC_ROOT_CLASS = YES_ERROR;
				CLANG_WARN_QUOTED_INCLUDE_IN_FRAMEWORK_HEADER = YES;
				CLANG_WARN_RANGE_LOOP_ANALYSIS = YES;
				CLANG_WARN_STRICT_PROTOTYPES = YES;
				CLANG_WARN_SUSPICIOUS_MOVE = YES;
				CLANG_WARN_UNGUARDED_AVAILABILITY = YES_AGGRESSIVE;
				CLANG_WARN_UNREACHABLE_CODE = YES;
				CLANG_WARN__DUPLICATE_METHOD_MATCH = YES;
				COPY_PHASE_STRIP = NO;
				DEBUG_INFORMATION_FORMAT = "dwarf-with-dsym";
				ENABLE_NS_ASSERTIONS = NO;
				ENABLE_STRICT_OBJC_MSGSEND = YES;
				GCC_C_LANGUAGE_STANDARD = gnu11;
				GCC_NO_COMMON_BLOCKS = YES;
				GCC_WARN_64_TO_32_BIT_CONVERSION = YES;
				GCC_WARN_ABOUT_RETURN_TYPE = YES_ERROR;
				GCC_WARN_UNDECLARED_SELECTOR = YES;
				GCC_WARN_UNINITIALIZED_AUTOS = YES_AGGRESSIVE;
				GCC_WARN_UNUSED_FUNCTION = YES;
				GCC_WARN_UNUSED_VARIABLE = YES;
				IPHONEOS_DEPLOYMENT_TARGET = 15.5;
				MTL_ENABLE_DEBUG_INFO = NO;
				MTL_FAST_MATH = YES;
				SDKROOT = iphoneos;
				SWIFT_COMPILATION_MODE = wholemodule;
				SWIFT_OPTIMIZATION_LEVEL = "-O";
				VALIDATE_PRODUCT = YES;
			};
			name = Release;
		};
		262A50BB2838F94F00E1477D /* Debug */ = {
			isa = XCBuildConfiguration;
			buildSettings = {
				ASSETCATALOG_COMPILER_APPICON_NAME = AppIcon;
				ASSETCATALOG_COMPILER_GLOBAL_ACCENT_COLOR_NAME = AccentColor;
				CODE_SIGN_STYLE = Automatic;
				CURRENT_PROJECT_VERSION = 1;
				DEVELOPMENT_ASSET_PATHS = "\"ObservedEnumsWithAssociatedValues/Preview Content\"";
				DEVELOPMENT_TEAM = 7E75BZ6UXG;
				ENABLE_PREVIEWS = YES;
				GENERATE_INFOPLIST_FILE = YES;
				INFOPLIST_KEY_UIApplicationSceneManifest_Generation = YES;
				INFOPLIST_KEY_UIApplicationSupportsIndirectInputEvents = YES;
				INFOPLIST_KEY_UILaunchScreen_Generation = YES;
				INFOPLIST_KEY_UISupportedInterfaceOrientations_iPad = "UIInterfaceOrientationPortrait UIInterfaceOrientationPortraitUpsideDown UIInterfaceOrientationLandscapeLeft UIInterfaceOrientationLandscapeRight";
				INFOPLIST_KEY_UISupportedInterfaceOrientations_iPhone = "UIInterfaceOrientationPortrait UIInterfaceOrientationLandscapeLeft UIInterfaceOrientationLandscapeRight";
				IPHONEOS_DEPLOYMENT_TARGET = 15.4;
				LD_RUNPATH_SEARCH_PATHS = (
					"$(inherited)",
					"@executable_path/Frameworks",
				);
				MARKETING_VERSION = 1.0;
				PRODUCT_BUNDLE_IDENTIFIER = yes.ObservedEnumsWithAssociatedValues;
				PRODUCT_NAME = "$(TARGET_NAME)";
				SWIFT_EMIT_LOC_STRINGS = YES;
				SWIFT_VERSION = 5.0;
				TARGETED_DEVICE_FAMILY = "1,2";
			};
			name = Debug;
		};
		262A50BC2838F94F00E1477D /* Release */ = {
			isa = XCBuildConfiguration;
			buildSettings = {
				ASSETCATALOG_COMPILER_APPICON_NAME = AppIcon;
				ASSETCATALOG_COMPILER_GLOBAL_ACCENT_COLOR_NAME = AccentColor;
				CODE_SIGN_STYLE = Automatic;
				CURRENT_PROJECT_VERSION = 1;
				DEVELOPMENT_ASSET_PATHS = "\"ObservedEnumsWithAssociatedValues/Preview Content\"";
				DEVELOPMENT_TEAM = 7E75BZ6UXG;
				ENABLE_PREVIEWS = YES;
				GENERATE_INFOPLIST_FILE = YES;
				INFOPLIST_KEY_UIApplicationSceneManifest_Generation = YES;
				INFOPLIST_KEY_UIApplicationSupportsIndirectInputEvents = YES;
				INFOPLIST_KEY_UILaunchScreen_Generation = YES;
				INFOPLIST_KEY_UISupportedInterfaceOrientations_iPad = "UIInterfaceOrientationPortrait UIInterfaceOrientationPortraitUpsideDown UIInterfaceOrientationLandscapeLeft UIInterfaceOrientationLandscapeRight";
				INFOPLIST_KEY_UISupportedInterfaceOrientations_iPhone = "UIInterfaceOrientationPortrait UIInterfaceOrientationLandscapeLeft UIInterfaceOrientationLandscapeRight";
				IPHONEOS_DEPLOYMENT_TARGET = 15.4;
				LD_RUNPATH_SEARCH_PATHS = (
					"$(inherited)",
					"@executable_path/Frameworks",
				);
				MARKETING_VERSION = 1.0;
				PRODUCT_BUNDLE_IDENTIFIER = yes.ObservedEnumsWithAssociatedValues;
				PRODUCT_NAME = "$(TARGET_NAME)";
				SWIFT_EMIT_LOC_STRINGS = YES;
				SWIFT_VERSION = 5.0;
				TARGETED_DEVICE_FAMILY = "1,2";
			};
			name = Release;
		};
		262A50BE2838F94F00E1477D /* Debug */ = {
			isa = XCBuildConfiguration;
			buildSettings = {
				ALWAYS_EMBED_SWIFT_STANDARD_LIBRARIES = YES;
				BUNDLE_LOADER = "$(TEST_HOST)";
				CODE_SIGN_STYLE = Automatic;
				CURRENT_PROJECT_VERSION = 1;
				DEVELOPMENT_TEAM = 7E75BZ6UXG;
				GENERATE_INFOPLIST_FILE = YES;
				IPHONEOS_DEPLOYMENT_TARGET = 15.5;
				MARKETING_VERSION = 1.0;
				PRODUCT_BUNDLE_IDENTIFIER = yes.ObservedEnumsWithAssociatedValuesTests;
				PRODUCT_NAME = "$(TARGET_NAME)";
				SWIFT_EMIT_LOC_STRINGS = NO;
				SWIFT_VERSION = 5.0;
				TARGETED_DEVICE_FAMILY = "1,2";
				TEST_HOST = "$(BUILT_PRODUCTS_DIR)/ObservedEnumsWithAssociatedValues.app/ObservedEnumsWithAssociatedValues";
			};
			name = Debug;
		};
		262A50BF2838F94F00E1477D /* Release */ = {
			isa = XCBuildConfiguration;
			buildSettings = {
				ALWAYS_EMBED_SWIFT_STANDARD_LIBRARIES = YES;
				BUNDLE_LOADER = "$(TEST_HOST)";
				CODE_SIGN_STYLE = Automatic;
				CURRENT_PROJECT_VERSION = 1;
				DEVELOPMENT_TEAM = 7E75BZ6UXG;
				GENERATE_INFOPLIST_FILE = YES;
				IPHONEOS_DEPLOYMENT_TARGET = 15.5;
				MARKETING_VERSION = 1.0;
				PRODUCT_BUNDLE_IDENTIFIER = yes.ObservedEnumsWithAssociatedValuesTests;
				PRODUCT_NAME = "$(TARGET_NAME)";
				SWIFT_EMIT_LOC_STRINGS = NO;
				SWIFT_VERSION = 5.0;
				TARGETED_DEVICE_FAMILY = "1,2";
				TEST_HOST = "$(BUILT_PRODUCTS_DIR)/ObservedEnumsWithAssociatedValues.app/ObservedEnumsWithAssociatedValues";
			};
			name = Release;
		};
		262A50C12838F94F00E1477D /* Debug */ = {
			isa = XCBuildConfiguration;
			buildSettings = {
				ALWAYS_EMBED_SWIFT_STANDARD_LIBRARIES = YES;
				CODE_SIGN_STYLE = Automatic;
				CURRENT_PROJECT_VERSION = 1;
				DEVELOPMENT_TEAM = 7E75BZ6UXG;
				GENERATE_INFOPLIST_FILE = YES;
				MARKETING_VERSION = 1.0;
				PRODUCT_BUNDLE_IDENTIFIER = yes.ObservedEnumsWithAssociatedValuesUITests;
				PRODUCT_NAME = "$(TARGET_NAME)";
				SWIFT_EMIT_LOC_STRINGS = NO;
				SWIFT_VERSION = 5.0;
				TARGETED_DEVICE_FAMILY = "1,2";
				TEST_TARGET_NAME = ObservedEnumsWithAssociatedValues;
			};
			name = Debug;
		};
		262A50C22838F94F00E1477D /* Release */ = {
			isa = XCBuildConfiguration;
			buildSettings = {
				ALWAYS_EMBED_SWIFT_STANDARD_LIBRARIES = YES;
				CODE_SIGN_STYLE = Automatic;
				CURRENT_PROJECT_VERSION = 1;
				DEVELOPMENT_TEAM = 7E75BZ6UXG;
				GENERATE_INFOPLIST_FILE = YES;
				MARKETING_VERSION = 1.0;
				PRODUCT_BUNDLE_IDENTIFIER = yes.ObservedEnumsWithAssociatedValuesUITests;
				PRODUCT_NAME = "$(TARGET_NAME)";
				SWIFT_EMIT_LOC_STRINGS = NO;
				SWIFT_VERSION = 5.0;
				TARGETED_DEVICE_FAMILY = "1,2";
				TEST_TARGET_NAME = ObservedEnumsWithAssociatedValues;
			};
			name = Release;
		};
/* End XCBuildConfiguration section */

/* Begin XCConfigurationList section */
		262A50912838F94E00E1477D /* Build configuration list for PBXProject "ObservedEnumsWithAssociatedValues" */ = {
			isa = XCConfigurationList;
			buildConfigurations = (
				262A50B82838F94F00E1477D /* Debug */,
				262A50B92838F94F00E1477D /* Release */,
			);
			defaultConfigurationIsVisible = 0;
			defaultConfigurationName = Release;
		};
		262A50BA2838F94F00E1477D /* Build configuration list for PBXNativeTarget "ObservedEnumsWithAssociatedValues" */ = {
			isa = XCConfigurationList;
			buildConfigurations = (
				262A50BB2838F94F00E1477D /* Debug */,
				262A50BC2838F94F00E1477D /* Release */,
			);
			defaultConfigurationIsVisible = 0;
			defaultConfigurationName = Release;
		};
		262A50BD2838F94F00E1477D /* Build configuration list for PBXNativeTarget "ObservedEnumsWithAssociatedValuesTests" */ = {
			isa = XCConfigurationList;
			buildConfigurations = (
				262A50BE2838F94F00E1477D /* Debug */,
				262A50BF2838F94F00E1477D /* Release */,
			);
			defaultConfigurationIsVisible = 0;
			defaultConfigurationName = Release;
		};
		262A50C02838F94F00E1477D /* Build configuration list for PBXNativeTarget "ObservedEnumsWithAssociatedValuesUITests" */ = {
			isa = XCConfigurationList;
			buildConfigurations = (
				262A50C12838F94F00E1477D /* Debug */,
				262A50C22838F94F00E1477D /* Release */,
			);
			defaultConfigurationIsVisible = 0;
			defaultConfigurationName = Release;
		};
/* End XCConfigurationList section */
	};
	rootObject = 262A508E2838F94E00E1477D /* Project object */;
}
